{
  "version": "4",
  "specifiers": {
    "jsr:@std/assert@0.217": "0.217.0",
    "npm:react@19": "19.0.0"
  },
  "jsr": {
    "@std/assert@0.217.0": {
      "integrity": "c98e279362ca6982d5285c3b89517b757c1e3477ee9f14eb2fdf80a45aaa9642"
    }
  },
  "npm": {
    "react@19.0.0": {
      "integrity": "sha512-V8AVnmPIICiWpGfm6GLzCR/W5FXLchHop40W4nXBmdlEceh16rCN8O8LNWm5bh5XUX91fh7KpA+W0TgMKmgTpQ=="
    }
  },
  "workspace": {
    "dependencies": [
      "npm:react@19"
    ]
  }
}
