{
  "version": "4",
  "specifiers": {
    "npm:react@19": "19.0.0"
  },
  "npm": {
    "react@19.0.0": {
      "integrity": "sha512-V8AVnmPIICiWpGfm6GLzCR/W5FXLchHop40W4nXBmdlEceh16rCN8O8LNWm5bh5XUX91fh7KpA+W0TgMKmgTpQ=="
    }
  },
  "workspace": {
    "dependencies": [
      "npm:react@19"
    ]
  }
}
